
Microsoft Visual Studio Solution File, Format Version 12.00
# Visual Studio Version 17
VisualStudioVersion = 17.9.34701.34
MinimumVisualStudioVersion = 10.0.40219.1
Project("{FAE04EC0-301F-11D3-BF4B-00C04F79EFBC}") = "WebApplication_Test", "WebApplication_Test\WebApplication_Test.csproj", "{145A7507-B695-4488-9864-F370B6E5BAC0}"
EndProject
Global
	GlobalSection(SolutionConfigurationPlatforms) = preSolution
		Debug|Any CPU = Debug|Any CPU
		Release|Any CPU = Release|Any CPU
	EndGlobalSection
	GlobalSection(ProjectConfigurationPlatforms) = postSolution
		{145A7507-B695-4488-9864-F370B6E5BAC0}.Debug|Any CPU.ActiveCfg = Debug|Any CPU
		{145A7507-B695-4488-9864-F370B6E5BAC0}.Debug|Any CPU.Build.0 = Debug|Any CPU
		{145A7507-B695-4488-9864-F370B6E5BAC0}.Release|Any CPU.ActiveCfg = Release|Any CPU
		{145A7507-B695-4488-9864-F370B6E5BAC0}.Release|Any CPU.Build.0 = Release|Any CPU
	EndGlobalSection
	GlobalSection(SolutionProperties) = preSolution
		HideSolutionNode = FALSE
	EndGlobalSection
	GlobalSection(ExtensibilityGlobals) = postSolution
		SolutionGuid = {060B2657-8AB0-42BC-A054-D8F02E15CF40}
	EndGlobalSection
EndGlobal
